
Microsoft Visual Studio Solution File, Format Version 12.00
# Visual Studio Version 16
VisualStudioVersion = 16.0.29409.12
MinimumVisualStudioVersion = 10.0.40219.1
Project("{9A19103F-16F7-4668-BE54-9A1E7A4F7556}") = "Arcus.Observability.Correlation", "Arcus.Observability.Correlation\Arcus.Observability.Correlation.csproj", "{D0484271-ABA1-4C2F-B0ED-E207130C1DE8}"
EndProject
Project("{9A19103F-16F7-4668-BE54-9A1E7A4F7556}") = "Arcus.Observability.Tests.Integration", "Arcus.Observability.Tests.Integration\Arcus.Observability.Tests.Integration.csproj", "{4DCD1626-66B4-4396-9CD6-951E9CE7BDE8}"
EndProject
Project("{9A19103F-16F7-4668-BE54-9A1E7A4F7556}") = "Arcus.Observability.Tests.Unit", "Arcus.Observability.Tests.Unit\Arcus.Observability.Tests.Unit.csproj", "{3D66B14F-2CC7-44E6-A53F-1E45F9A6BCF6}"
EndProject
Project("{2150E333-8FDC-42A3-9474-1A3956D46DE8}") = "Tests", "Tests", "{88258D35-6B48-4F82-AD45-9B3BEB7F8828}"
EndProject
Project("{9A19103F-16F7-4668-BE54-9A1E7A4F7556}") = "Arcus.Observability.Telemetry.Serilog.Enrichers", "Arcus.Observability.Telemetry.Serilog.Enrichers\Arcus.Observability.Telemetry.Serilog.Enrichers.csproj", "{59A48CCF-7355-48E8-8564-0595F895555F}"
EndProject
Project("{9A19103F-16F7-4668-BE54-9A1E7A4F7556}") = "Arcus.Observability.Telemetry.Serilog.Sinks.ApplicationInsights", "Arcus.Observability.Telemetry.Serilog.Sinks.ApplicationInsights\Arcus.Observability.Telemetry.Serilog.Sinks.ApplicationInsights.csproj", "{6E867573-915E-4071-B35F-BF2DED51D4C8}"
EndProject
Project("{9A19103F-16F7-4668-BE54-9A1E7A4F7556}") = "Arcus.Observability.Telemetry.Core", "Arcus.Observability.Telemetry.Core\Arcus.Observability.Telemetry.Core.csproj", "{9CF98618-1412-42FE-A607-640061F54928}"
EndProject
Project("{9A19103F-16F7-4668-BE54-9A1E7A4F7556}") = "Arcus.Observability.Telemetry.Serilog.Filters", "Arcus.Observability.Telemetry.Serilog.Filters\Arcus.Observability.Telemetry.Serilog.Filters.csproj", "{ED747983-87B8-47B5-AAF8-DDFCB69E98EF}"
EndProject
Project("{9A19103F-16F7-4668-BE54-9A1E7A4F7556}") = "Arcus.Observability.Tests.Core", "Arcus.Observability.Tests.Core\Arcus.Observability.Tests.Core.csproj", "{DC18426F-4D03-4DBD-8D92-224C026BFADC}"
EndProject
Project("{9A19103F-16F7-4668-BE54-9A1E7A4F7556}") = "Arcus.Observability.Telemetry.IoT", "Arcus.Observability.Telemetry.IoT\Arcus.Observability.Telemetry.IoT.csproj", "{E4A6624B-C1A4-4956-9FC2-E77D6C634717}"
EndProject
Project("{9A19103F-16F7-4668-BE54-9A1E7A4F7556}") = "Arcus.Observability.Telemetry.AzureFunctions", "Arcus.Observability.Telemetry.AzureFunctions\Arcus.Observability.Telemetry.AzureFunctions.csproj", "{C6C0ED5D-94B4-4CD2-B17A-E72432AC4883}"
EndProject
Project("{FAE04EC0-301F-11D3-BF4B-00C04F79EFBC}") = "Arcus.Observability.Telemetry.Sql", "Arcus.Observability.Telemetry.Sql\Arcus.Observability.Telemetry.Sql.csproj", "{9EFD7715-304C-42AB-BC2B-40CED0E14050}"
EndProject
Global
	GlobalSection(SolutionConfigurationPlatforms) = preSolution
		Debug|Any CPU = Debug|Any CPU
		Release|Any CPU = Release|Any CPU
	EndGlobalSection
	GlobalSection(ProjectConfigurationPlatforms) = postSolution
		{D0484271-ABA1-4C2F-B0ED-E207130C1DE8}.Debug|Any CPU.ActiveCfg = Debug|Any CPU
		{D0484271-ABA1-4C2F-B0ED-E207130C1DE8}.Debug|Any CPU.Build.0 = Debug|Any CPU
		{D0484271-ABA1-4C2F-B0ED-E207130C1DE8}.Release|Any CPU.ActiveCfg = Release|Any CPU
		{D0484271-ABA1-4C2F-B0ED-E207130C1DE8}.Release|Any CPU.Build.0 = Release|Any CPU
		{4DCD1626-66B4-4396-9CD6-951E9CE7BDE8}.Debug|Any CPU.ActiveCfg = Debug|Any CPU
		{4DCD1626-66B4-4396-9CD6-951E9CE7BDE8}.Debug|Any CPU.Build.0 = Debug|Any CPU
		{4DCD1626-66B4-4396-9CD6-951E9CE7BDE8}.Release|Any CPU.ActiveCfg = Release|Any CPU
		{4DCD1626-66B4-4396-9CD6-951E9CE7BDE8}.Release|Any CPU.Build.0 = Release|Any CPU
		{3D66B14F-2CC7-44E6-A53F-1E45F9A6BCF6}.Debug|Any CPU.ActiveCfg = Debug|Any CPU
		{3D66B14F-2CC7-44E6-A53F-1E45F9A6BCF6}.Debug|Any CPU.Build.0 = Debug|Any CPU
		{3D66B14F-2CC7-44E6-A53F-1E45F9A6BCF6}.Release|Any CPU.ActiveCfg = Release|Any CPU
		{3D66B14F-2CC7-44E6-A53F-1E45F9A6BCF6}.Release|Any CPU.Build.0 = Release|Any CPU
		{59A48CCF-7355-48E8-8564-0595F895555F}.Debug|Any CPU.ActiveCfg = Debug|Any CPU
		{59A48CCF-7355-48E8-8564-0595F895555F}.Debug|Any CPU.Build.0 = Debug|Any CPU
		{59A48CCF-7355-48E8-8564-0595F895555F}.Release|Any CPU.ActiveCfg = Release|Any CPU
		{59A48CCF-7355-48E8-8564-0595F895555F}.Release|Any CPU.Build.0 = Release|Any CPU
		{6E867573-915E-4071-B35F-BF2DED51D4C8}.Debug|Any CPU.ActiveCfg = Debug|Any CPU
		{6E867573-915E-4071-B35F-BF2DED51D4C8}.Debug|Any CPU.Build.0 = Debug|Any CPU
		{6E867573-915E-4071-B35F-BF2DED51D4C8}.Release|Any CPU.ActiveCfg = Release|Any CPU
		{6E867573-915E-4071-B35F-BF2DED51D4C8}.Release|Any CPU.Build.0 = Release|Any CPU
		{9CF98618-1412-42FE-A607-640061F54928}.Debug|Any CPU.ActiveCfg = Debug|Any CPU
		{9CF98618-1412-42FE-A607-640061F54928}.Debug|Any CPU.Build.0 = Debug|Any CPU
		{9CF98618-1412-42FE-A607-640061F54928}.Release|Any CPU.ActiveCfg = Release|Any CPU
		{9CF98618-1412-42FE-A607-640061F54928}.Release|Any CPU.Build.0 = Release|Any CPU
		{ED747983-87B8-47B5-AAF8-DDFCB69E98EF}.Debug|Any CPU.ActiveCfg = Debug|Any CPU
		{ED747983-87B8-47B5-AAF8-DDFCB69E98EF}.Debug|Any CPU.Build.0 = Debug|Any CPU
		{ED747983-87B8-47B5-AAF8-DDFCB69E98EF}.Release|Any CPU.ActiveCfg = Release|Any CPU
		{ED747983-87B8-47B5-AAF8-DDFCB69E98EF}.Release|Any CPU.Build.0 = Release|Any CPU
		{DC18426F-4D03-4DBD-8D92-224C026BFADC}.Debug|Any CPU.ActiveCfg = Debug|Any CPU
		{DC18426F-4D03-4DBD-8D92-224C026BFADC}.Debug|Any CPU.Build.0 = Debug|Any CPU
		{DC18426F-4D03-4DBD-8D92-224C026BFADC}.Release|Any CPU.ActiveCfg = Release|Any CPU
		{DC18426F-4D03-4DBD-8D92-224C026BFADC}.Release|Any CPU.Build.0 = Release|Any CPU
		{E4A6624B-C1A4-4956-9FC2-E77D6C634717}.Debug|Any CPU.ActiveCfg = Debug|Any CPU
		{E4A6624B-C1A4-4956-9FC2-E77D6C634717}.Debug|Any CPU.Build.0 = Debug|Any CPU
		{E4A6624B-C1A4-4956-9FC2-E77D6C634717}.Release|Any CPU.ActiveCfg = Release|Any CPU
		{E4A6624B-C1A4-4956-9FC2-E77D6C634717}.Release|Any CPU.Build.0 = Release|Any CPU
		{C6C0ED5D-94B4-4CD2-B17A-E72432AC4883}.Debug|Any CPU.ActiveCfg = Debug|Any CPU
		{C6C0ED5D-94B4-4CD2-B17A-E72432AC4883}.Debug|Any CPU.Build.0 = Debug|Any CPU
		{C6C0ED5D-94B4-4CD2-B17A-E72432AC4883}.Release|Any CPU.ActiveCfg = Release|Any CPU
		{C6C0ED5D-94B4-4CD2-B17A-E72432AC4883}.Release|Any CPU.Build.0 = Release|Any CPU
		{9EFD7715-304C-42AB-BC2B-40CED0E14050}.Debug|Any CPU.ActiveCfg = Debug|Any CPU
		{9EFD7715-304C-42AB-BC2B-40CED0E14050}.Debug|Any CPU.Build.0 = Debug|Any CPU
		{9EFD7715-304C-42AB-BC2B-40CED0E14050}.Release|Any CPU.ActiveCfg = Release|Any CPU
		{9EFD7715-304C-42AB-BC2B-40CED0E14050}.Release|Any CPU.Build.0 = Release|Any CPU
	EndGlobalSection
	GlobalSection(SolutionProperties) = preSolution
		HideSolutionNode = FALSE
	EndGlobalSection
	GlobalSection(NestedProjects) = preSolution
		{4DCD1626-66B4-4396-9CD6-951E9CE7BDE8} = {88258D35-6B48-4F82-AD45-9B3BEB7F8828}
		{3D66B14F-2CC7-44E6-A53F-1E45F9A6BCF6} = {88258D35-6B48-4F82-AD45-9B3BEB7F8828}
		{DC18426F-4D03-4DBD-8D92-224C026BFADC} = {88258D35-6B48-4F82-AD45-9B3BEB7F8828}
	EndGlobalSection
	GlobalSection(ExtensibilityGlobals) = postSolution
		SolutionGuid = {E5382820-51FF-4B00-92BE-C78E80EA0841}
	EndGlobalSection
EndGlobal
